
Microsoft Visual Studio Solution File, Format Version 12.00
# Visual Studio Version 17
VisualStudioVersion = 17.0.32014.148
MinimumVisualStudioVersion = 10.0.40219.1
Project("{FAE04EC0-301F-11D3-BF4B-00C04F79EFBC}") = "PontoMaisProducer", "PontoMaisProducer.csproj", "{789FFB18-6106-4EA1-B2C3-039497096BD7}"
EndProject
Global
	GlobalSection(SolutionConfigurationPlatforms) = preSolution
		Debug|Any CPU = Debug|Any CPU
		Release|Any CPU = Release|Any CPU
	EndGlobalSection
	GlobalSection(ProjectConfigurationPlatforms) = postSolution
		{789FFB18-6106-4EA1-B2C3-039497096BD7}.Debug|Any CPU.ActiveCfg = Debug|Any CPU
		{789FFB18-6106-4EA1-B2C3-039497096BD7}.Debug|Any CPU.Build.0 = Debug|Any CPU
		{789FFB18-6106-4EA1-B2C3-039497096BD7}.Release|Any CPU.ActiveCfg = Release|Any CPU
		{789FFB18-6106-4EA1-B2C3-039497096BD7}.Release|Any CPU.Build.0 = Release|Any CPU
	EndGlobalSection
	GlobalSection(SolutionProperties) = preSolution
		HideSolutionNode = FALSE
	EndGlobalSection
	GlobalSection(ExtensibilityGlobals) = postSolution
		SolutionGuid = {7A68F0E6-9BEA-44F3-B773-542AA0938D25}
	EndGlobalSection
EndGlobal
